
Microsoft Visual Studio Solution File, Format Version 12.00
Project("{FAE04EC0-301F-11D3-BF4B-00C04F79EFBC}") = "SEP3Tier1App", "SEP3Tier1App\SEP3Tier1App.csproj", "{946BCFE1-7E82-44D0-B2F9-28EDAAE41332}"
EndProject
Global
	GlobalSection(SolutionConfigurationPlatforms) = preSolution
		Debug|Any CPU = Debug|Any CPU
		Release|Any CPU = Release|Any CPU
	EndGlobalSection
	GlobalSection(ProjectConfigurationPlatforms) = postSolution
		{946BCFE1-7E82-44D0-B2F9-28EDAAE41332}.Debug|Any CPU.ActiveCfg = Debug|Any CPU
		{946BCFE1-7E82-44D0-B2F9-28EDAAE41332}.Debug|Any CPU.Build.0 = Debug|Any CPU
		{946BCFE1-7E82-44D0-B2F9-28EDAAE41332}.Release|Any CPU.ActiveCfg = Release|Any CPU
		{946BCFE1-7E82-44D0-B2F9-28EDAAE41332}.Release|Any CPU.Build.0 = Release|Any CPU
	EndGlobalSection
EndGlobal
